
Microsoft Visual Studio Solution File, Format Version 12.00
# Visual Studio 15
VisualStudioVersion = 15.0.26228.9
MinimumVisualStudioVersion = 10.0.40219.1
Project("{2150E333-8FDC-42A3-9474-1A3956D46DE8}") = "CoreConcepts", "CoreConcepts", "{6673E194-208D-4D65-AF87-B23974F7E72C}"
EndProject
Project("{FAE04EC0-301F-11D3-BF4B-00C04F79EFBC}") = "StoriesOfDynamicTypes", "CoreConcepts\StoriesOfDynamicTypes\StoriesOfDynamicTypes.csproj", "{916E2980-006A-4ED9-96BD-83192095A89C}"
EndProject
Global
	GlobalSection(SolutionConfigurationPlatforms) = preSolution
		Debug|Any CPU = Debug|Any CPU
		Release|Any CPU = Release|Any CPU
	EndGlobalSection
	GlobalSection(ProjectConfigurationPlatforms) = postSolution
		{916E2980-006A-4ED9-96BD-83192095A89C}.Debug|Any CPU.ActiveCfg = Debug|Any CPU
		{916E2980-006A-4ED9-96BD-83192095A89C}.Debug|Any CPU.Build.0 = Debug|Any CPU
		{916E2980-006A-4ED9-96BD-83192095A89C}.Release|Any CPU.ActiveCfg = Release|Any CPU
		{916E2980-006A-4ED9-96BD-83192095A89C}.Release|Any CPU.Build.0 = Release|Any CPU
	EndGlobalSection
	GlobalSection(SolutionProperties) = preSolution
		HideSolutionNode = FALSE
	EndGlobalSection
	GlobalSection(NestedProjects) = preSolution
		{916E2980-006A-4ED9-96BD-83192095A89C} = {6673E194-208D-4D65-AF87-B23974F7E72C}
	EndGlobalSection
EndGlobal
