
Microsoft Visual Studio Solution File, Format Version 12.00
# Visual Studio Version 16
VisualStudioVersion = 16.0.29020.237
MinimumVisualStudioVersion = 10.0.40219.1
Project("{2150E333-8FDC-42A3-9474-1A3956D46DE8}") = "CoreConcepts", "CoreConcepts", "{6673E194-208D-4D65-AF87-B23974F7E72C}"
EndProject
Project("{FAE04EC0-301F-11D3-BF4B-00C04F79EFBC}") = "StoriesOfDynamicTypes", "CoreConcepts\StoriesOfDynamicTypes\StoriesOfDynamicTypes.csproj", "{916E2980-006A-4ED9-96BD-83192095A89C}"
EndProject
Project("{2150E333-8FDC-42A3-9474-1A3956D46DE8}") = "Task", "Task", "{71129CF2-D03C-4958-AF1C-5EDB558F5AF6}"
EndProject
Project("{FAE04EC0-301F-11D3-BF4B-00C04F79EFBC}") = "CarefulWithEnum", "CoreConcepts\CarefulWithEnum\CarefulWithEnum.csproj", "{7A091DA7-FD11-45EB-A6AD-F4384AB7056F}"
EndProject
Project("{FAE04EC0-301F-11D3-BF4B-00C04F79EFBC}") = "WinFormAppBackGroundWorker", "Task\WinFormAppBackGroundWorker\WinFormAppBackGroundWorker.csproj", "{51493833-7908-4968-B357-207F5BCF19CA}"
EndProject
Project("{FAE04EC0-301F-11D3-BF4B-00C04F79EFBC}") = "NotAllEqualsAreTheSame", "CoreConcepts\NotAllEqualsAreTheSame\NotAllEqualsAreTheSame.csproj", "{64792148-501A-4B46-B0AA-69298D7E6AF8}"
EndProject
Project("{9A19103F-16F7-4668-BE54-9A1E7A4F7556}") = "BaseAndDerive", "CoreConcepts\BaseAndDerive\BaseAndDerive.csproj", "{4EDC064F-C7BF-49E1-8BAF-63CD4B4F43A6}"
EndProject
Project("{2150E333-8FDC-42A3-9474-1A3956D46DE8}") = "RuleTest", "RuleTest", "{9EEFAD3F-C102-42B8-B7DB-BD75BCD4EDB7}"
EndProject
Project("{9A19103F-16F7-4668-BE54-9A1E7A4F7556}") = "test1", "Rule\test1\test1.csproj", "{9941C8AC-B2A2-41F6-BDD6-DB5FF9F3273D}"
EndProject
Project("{9A19103F-16F7-4668-BE54-9A1E7A4F7556}") = "DataConversionValidation", "DataConversionValidation\DataConversionValidation.csproj", "{6B1C71CD-FA4C-4E4E-9DB1-CC8A1F242BF6}"
EndProject
Project("{9A19103F-16F7-4668-BE54-9A1E7A4F7556}") = "DataConversionValidationTests", "DataConversionValidationTests\DataConversionValidationTests.csproj", "{436CB3F7-6BA0-4DBD-B1FA-3A45FF1EE51C}"
EndProject
Project("{2150E333-8FDC-42A3-9474-1A3956D46DE8}") = "GcExperiments", "GcExperiments", "{E84FAD92-EED9-4F2F-8DEA-931BD543D00B}"
EndProject
Project("{FAE04EC0-301F-11D3-BF4B-00C04F79EFBC}") = "PrematureGcCleanup471", "GcExperiments\PrematureGcCleanup471\PrematureGcCleanup471.csproj", "{C543C286-0E34-4ECE-B9AF-C4AE72DB12F8}"
EndProject
Project("{9A19103F-16F7-4668-BE54-9A1E7A4F7556}") = "PrematureGcCleanupNetCore", "GcExperiments\PrematureGcCleanupNetCore\PrematureGcCleanupNetCore.csproj", "{B46A1D8D-D04E-4C55-8C77-02CBA7401512}"
EndProject
Project("{9A19103F-16F7-4668-BE54-9A1E7A4F7556}") = "CollectionExperiment", "CollectionExperiment\CollectionExperiment.csproj", "{27B62F31-3908-4CB8-9995-C1508CB30995}"
EndProject
Project("{9A19103F-16F7-4668-BE54-9A1E7A4F7556}") = "AggregateExceptionExperiment", "Task\AggregateExceptionExperiment\AggregateExceptionExperiment.csproj", "{30AAF4B9-592D-48DC-8A89-B718925F83E0}"
EndProject
Global
	GlobalSection(SolutionConfigurationPlatforms) = preSolution
		Debug|Any CPU = Debug|Any CPU
		Release|Any CPU = Release|Any CPU
	EndGlobalSection
	GlobalSection(ProjectConfigurationPlatforms) = postSolution
		{916E2980-006A-4ED9-96BD-83192095A89C}.Debug|Any CPU.ActiveCfg = Debug|Any CPU
		{916E2980-006A-4ED9-96BD-83192095A89C}.Debug|Any CPU.Build.0 = Debug|Any CPU
		{916E2980-006A-4ED9-96BD-83192095A89C}.Release|Any CPU.ActiveCfg = Release|Any CPU
		{916E2980-006A-4ED9-96BD-83192095A89C}.Release|Any CPU.Build.0 = Release|Any CPU
		{7A091DA7-FD11-45EB-A6AD-F4384AB7056F}.Debug|Any CPU.ActiveCfg = Debug|Any CPU
		{7A091DA7-FD11-45EB-A6AD-F4384AB7056F}.Debug|Any CPU.Build.0 = Debug|Any CPU
		{7A091DA7-FD11-45EB-A6AD-F4384AB7056F}.Release|Any CPU.ActiveCfg = Release|Any CPU
		{7A091DA7-FD11-45EB-A6AD-F4384AB7056F}.Release|Any CPU.Build.0 = Release|Any CPU
		{51493833-7908-4968-B357-207F5BCF19CA}.Debug|Any CPU.ActiveCfg = Debug|Any CPU
		{51493833-7908-4968-B357-207F5BCF19CA}.Debug|Any CPU.Build.0 = Debug|Any CPU
		{51493833-7908-4968-B357-207F5BCF19CA}.Release|Any CPU.ActiveCfg = Release|Any CPU
		{51493833-7908-4968-B357-207F5BCF19CA}.Release|Any CPU.Build.0 = Release|Any CPU
		{64792148-501A-4B46-B0AA-69298D7E6AF8}.Debug|Any CPU.ActiveCfg = Debug|Any CPU
		{64792148-501A-4B46-B0AA-69298D7E6AF8}.Debug|Any CPU.Build.0 = Debug|Any CPU
		{64792148-501A-4B46-B0AA-69298D7E6AF8}.Release|Any CPU.ActiveCfg = Release|Any CPU
		{64792148-501A-4B46-B0AA-69298D7E6AF8}.Release|Any CPU.Build.0 = Release|Any CPU
		{4EDC064F-C7BF-49E1-8BAF-63CD4B4F43A6}.Debug|Any CPU.ActiveCfg = Debug|Any CPU
		{4EDC064F-C7BF-49E1-8BAF-63CD4B4F43A6}.Debug|Any CPU.Build.0 = Debug|Any CPU
		{4EDC064F-C7BF-49E1-8BAF-63CD4B4F43A6}.Release|Any CPU.ActiveCfg = Release|Any CPU
		{4EDC064F-C7BF-49E1-8BAF-63CD4B4F43A6}.Release|Any CPU.Build.0 = Release|Any CPU
		{9941C8AC-B2A2-41F6-BDD6-DB5FF9F3273D}.Debug|Any CPU.ActiveCfg = Debug|Any CPU
		{9941C8AC-B2A2-41F6-BDD6-DB5FF9F3273D}.Debug|Any CPU.Build.0 = Debug|Any CPU
		{9941C8AC-B2A2-41F6-BDD6-DB5FF9F3273D}.Release|Any CPU.ActiveCfg = Release|Any CPU
		{9941C8AC-B2A2-41F6-BDD6-DB5FF9F3273D}.Release|Any CPU.Build.0 = Release|Any CPU
		{6B1C71CD-FA4C-4E4E-9DB1-CC8A1F242BF6}.Debug|Any CPU.ActiveCfg = Debug|Any CPU
		{6B1C71CD-FA4C-4E4E-9DB1-CC8A1F242BF6}.Debug|Any CPU.Build.0 = Debug|Any CPU
		{6B1C71CD-FA4C-4E4E-9DB1-CC8A1F242BF6}.Release|Any CPU.ActiveCfg = Release|Any CPU
		{6B1C71CD-FA4C-4E4E-9DB1-CC8A1F242BF6}.Release|Any CPU.Build.0 = Release|Any CPU
		{436CB3F7-6BA0-4DBD-B1FA-3A45FF1EE51C}.Debug|Any CPU.ActiveCfg = Debug|Any CPU
		{436CB3F7-6BA0-4DBD-B1FA-3A45FF1EE51C}.Debug|Any CPU.Build.0 = Debug|Any CPU
		{436CB3F7-6BA0-4DBD-B1FA-3A45FF1EE51C}.Release|Any CPU.ActiveCfg = Release|Any CPU
		{436CB3F7-6BA0-4DBD-B1FA-3A45FF1EE51C}.Release|Any CPU.Build.0 = Release|Any CPU
		{C543C286-0E34-4ECE-B9AF-C4AE72DB12F8}.Debug|Any CPU.ActiveCfg = Debug|Any CPU
		{C543C286-0E34-4ECE-B9AF-C4AE72DB12F8}.Debug|Any CPU.Build.0 = Debug|Any CPU
		{C543C286-0E34-4ECE-B9AF-C4AE72DB12F8}.Release|Any CPU.ActiveCfg = Release|Any CPU
		{C543C286-0E34-4ECE-B9AF-C4AE72DB12F8}.Release|Any CPU.Build.0 = Release|Any CPU
		{B46A1D8D-D04E-4C55-8C77-02CBA7401512}.Debug|Any CPU.ActiveCfg = Debug|Any CPU
		{B46A1D8D-D04E-4C55-8C77-02CBA7401512}.Debug|Any CPU.Build.0 = Debug|Any CPU
		{B46A1D8D-D04E-4C55-8C77-02CBA7401512}.Release|Any CPU.ActiveCfg = Release|Any CPU
		{B46A1D8D-D04E-4C55-8C77-02CBA7401512}.Release|Any CPU.Build.0 = Release|Any CPU
		{27B62F31-3908-4CB8-9995-C1508CB30995}.Debug|Any CPU.ActiveCfg = Debug|Any CPU
		{27B62F31-3908-4CB8-9995-C1508CB30995}.Debug|Any CPU.Build.0 = Debug|Any CPU
		{27B62F31-3908-4CB8-9995-C1508CB30995}.Release|Any CPU.ActiveCfg = Release|Any CPU
		{27B62F31-3908-4CB8-9995-C1508CB30995}.Release|Any CPU.Build.0 = Release|Any CPU
		{30AAF4B9-592D-48DC-8A89-B718925F83E0}.Debug|Any CPU.ActiveCfg = Debug|Any CPU
		{30AAF4B9-592D-48DC-8A89-B718925F83E0}.Debug|Any CPU.Build.0 = Debug|Any CPU
		{30AAF4B9-592D-48DC-8A89-B718925F83E0}.Release|Any CPU.ActiveCfg = Release|Any CPU
		{30AAF4B9-592D-48DC-8A89-B718925F83E0}.Release|Any CPU.Build.0 = Release|Any CPU
	EndGlobalSection
	GlobalSection(SolutionProperties) = preSolution
		HideSolutionNode = FALSE
	EndGlobalSection
	GlobalSection(NestedProjects) = preSolution
		{916E2980-006A-4ED9-96BD-83192095A89C} = {6673E194-208D-4D65-AF87-B23974F7E72C}
		{7A091DA7-FD11-45EB-A6AD-F4384AB7056F} = {6673E194-208D-4D65-AF87-B23974F7E72C}
		{51493833-7908-4968-B357-207F5BCF19CA} = {71129CF2-D03C-4958-AF1C-5EDB558F5AF6}
		{64792148-501A-4B46-B0AA-69298D7E6AF8} = {6673E194-208D-4D65-AF87-B23974F7E72C}
		{4EDC064F-C7BF-49E1-8BAF-63CD4B4F43A6} = {6673E194-208D-4D65-AF87-B23974F7E72C}
		{9941C8AC-B2A2-41F6-BDD6-DB5FF9F3273D} = {9EEFAD3F-C102-42B8-B7DB-BD75BCD4EDB7}
		{6B1C71CD-FA4C-4E4E-9DB1-CC8A1F242BF6} = {6673E194-208D-4D65-AF87-B23974F7E72C}
		{436CB3F7-6BA0-4DBD-B1FA-3A45FF1EE51C} = {6673E194-208D-4D65-AF87-B23974F7E72C}
		{C543C286-0E34-4ECE-B9AF-C4AE72DB12F8} = {E84FAD92-EED9-4F2F-8DEA-931BD543D00B}
		{B46A1D8D-D04E-4C55-8C77-02CBA7401512} = {E84FAD92-EED9-4F2F-8DEA-931BD543D00B}
		{27B62F31-3908-4CB8-9995-C1508CB30995} = {6673E194-208D-4D65-AF87-B23974F7E72C}
		{30AAF4B9-592D-48DC-8A89-B718925F83E0} = {71129CF2-D03C-4958-AF1C-5EDB558F5AF6}
	EndGlobalSection
	GlobalSection(ExtensibilityGlobals) = postSolution
		SolutionGuid = {76474E3A-149F-4B56-966A-B3465E99B19A}
	EndGlobalSection
EndGlobal
